
Microsoft Visual Studio Solution File, Format Version 12.00
# Visual Studio 15
VisualStudioVersion = 15.0.28307.421
MinimumVisualStudioVersion = 10.0.40219.1
Project("{FAE04EC0-301F-11D3-BF4B-00C04F79EFBC}") = "template-ver1.0", "template-ver1.0\template-ver1.0.csproj", "{A206EBF6-0706-48E4-A558-CF660D2D9343}"
EndProject
Project("{FAE04EC0-301F-11D3-BF4B-00C04F79EFBC}") = "template-ver1.0.Tests", "template-ver1.0.Tests\template-ver1.0.Tests.csproj", "{6115738B-8F4B-4417-901E-8F200DFFFD41}"
EndProject
Global
	GlobalSection(SolutionConfigurationPlatforms) = preSolution
		Debug|Any CPU = Debug|Any CPU
		Release|Any CPU = Release|Any CPU
	EndGlobalSection
	GlobalSection(ProjectConfigurationPlatforms) = postSolution
		{A206EBF6-0706-48E4-A558-CF660D2D9343}.Debug|Any CPU.ActiveCfg = Debug|Any CPU
		{A206EBF6-0706-48E4-A558-CF660D2D9343}.Debug|Any CPU.Build.0 = Debug|Any CPU
		{A206EBF6-0706-48E4-A558-CF660D2D9343}.Release|Any CPU.ActiveCfg = Release|Any CPU
		{A206EBF6-0706-48E4-A558-CF660D2D9343}.Release|Any CPU.Build.0 = Release|Any CPU
		{6115738B-8F4B-4417-901E-8F200DFFFD41}.Debug|Any CPU.ActiveCfg = Debug|Any CPU
		{6115738B-8F4B-4417-901E-8F200DFFFD41}.Debug|Any CPU.Build.0 = Debug|Any CPU
		{6115738B-8F4B-4417-901E-8F200DFFFD41}.Release|Any CPU.ActiveCfg = Release|Any CPU
		{6115738B-8F4B-4417-901E-8F200DFFFD41}.Release|Any CPU.Build.0 = Release|Any CPU
	EndGlobalSection
	GlobalSection(SolutionProperties) = preSolution
		HideSolutionNode = FALSE
	EndGlobalSection
	GlobalSection(ExtensibilityGlobals) = postSolution
		SolutionGuid = {5A7235D8-E658-4303-A0BD-D8B983FEE17F}
	EndGlobalSection
EndGlobal
